
Microsoft Visual Studio Solution File, Format Version 12.00
# Visual Studio Version 17
VisualStudioVersion = 17.5.002.0
MinimumVisualStudioVersion = 10.0.40219.1
Project("{9A19103F-16F7-4668-BE54-9A1E7A4F7556}") = "UserFormApi", "UserFormApi.csproj", "{FD69B4D9-A3AB-4BEB-8059-7AF66268A519}"
EndProject
Global
	GlobalSection(SolutionConfigurationPlatforms) = preSolution
		Debug|Any CPU = Debug|Any CPU
		Release|Any CPU = Release|Any CPU
	EndGlobalSection
	GlobalSection(ProjectConfigurationPlatforms) = postSolution
		{FD69B4D9-A3AB-4BEB-8059-7AF66268A519}.Debug|Any CPU.ActiveCfg = Debug|Any CPU
		{FD69B4D9-A3AB-4BEB-8059-7AF66268A519}.Debug|Any CPU.Build.0 = Debug|Any CPU
		{FD69B4D9-A3AB-4BEB-8059-7AF66268A519}.Release|Any CPU.ActiveCfg = Release|Any CPU
		{FD69B4D9-A3AB-4BEB-8059-7AF66268A519}.Release|Any CPU.Build.0 = Release|Any CPU
	EndGlobalSection
	GlobalSection(SolutionProperties) = preSolution
		HideSolutionNode = FALSE
	EndGlobalSection
	GlobalSection(ExtensibilityGlobals) = postSolution
		SolutionGuid = {B3D51FD6-C777-4541-A7A9-042A59A33C9B}
	EndGlobalSection
EndGlobal
